
Microsoft Visual Studio Solution File, Format Version 12.00
# Visual Studio 14
VisualStudioVersion = 14.0.25420.1
MinimumVisualStudioVersion = 10.0.40219.1
Project("{D954291E-2A0B-460D-934E-DC6B0785DB48}") = "PizzeriaModel", "PizzeriaModel\PizzeriaModel.shproj", "{ED17943F-B3BA-4F14-AC95-E2503B61E9D5}"
EndProject
Global
	GlobalSection(SharedMSBuildProjectFiles) = preSolution
		PizzeriaModel\PizzeriaModel.projitems*{ed17943f-b3ba-4f14-ac95-e2503b61e9d5}*SharedItemsImports = 13
	EndGlobalSection
	GlobalSection(SolutionProperties) = preSolution
		HideSolutionNode = FALSE
	EndGlobalSection
EndGlobal
